{
  "version": 4,
  "terraform_version": "1.6.1",
  "serial": 78,
  "lineage": "2dcaf36e-b0ba-edd2-2a19-202d2f25139e",
  "outputs": {
    "natgw_public_ips": {
      "value": [
        "40.66.52.132"
      ],
      "type": [
        "tuple",
        [
          "string"
        ]
      ]
    }
  },
  "resources": [
    {
      "mode": "managed",
      "type": "azurerm_consumption_budget_resource_group",
      "name": "example",
      "provider": "provider[\"registry.terraform.io/hashicorp/azurerm\"]",
      "instances": [
        {
          "schema_version": 0,
          "attributes": {
            "amount": 10,
            "etag": "\"1da32852798f897\"",
            "filter": [
              {
                "dimension": [
                  {
                    "name": "ResourceId",
                    "operator": "In",
                    "values": [
                      "/subscriptions/da11a196-034a-4fdc-a913-0bdf6d0886e4/resourceGroups/rg-dev/providers/Microsoft.Insights/actionGroups/example"
                    ]
                  }
                ],
                "not": [],
                "tag": [
                  {
                    "name": "foo",
                    "operator": "In",
                    "values": [
                      "bar",
                      "baz"
                    ]
                  }
                ]
              }
            ],
            "id": "/subscriptions/da11a196-034a-4fdc-a913-0bdf6d0886e4/resourceGroups/rg-dev/providers/Microsoft.Consumption/budgets/example",
            "name": "example",
            "notification": [
              {
                "contact_emails": [
                  "mamadou.coulibalymalle@ynov.com"
                ],
                "contact_groups": [
                  "/subscriptions/da11a196-034a-4fdc-a913-0bdf6d0886e4/resourceGroups/rg-dev/providers/Microsoft.Insights/actionGroups/example"
                ],
                "contact_roles": [
                  "Owner"
                ],
                "enabled": true,
                "operator": "GreaterThanOrEqualTo",
                "threshold": 90,
                "threshold_type": "Forecasted"
              },
              {
                "contact_emails": [
                  "mamadou.coulibalymalle@ynov.com"
                ],
                "contact_groups": [],
                "contact_roles": [],
                "enabled": true,
                "operator": "GreaterThanOrEqualTo",
                "threshold": 100,
                "threshold_type": "Actual"
              }
            ],
            "resource_group_id": "/subscriptions/da11a196-034a-4fdc-a913-0bdf6d0886e4/resourceGroups/rg-dev",
            "time_grain": "Monthly",
            "time_period": [
              {
                "end_date": "2024-07-01T00:00:00Z",
                "start_date": "2024-01-01T00:00:00Z"
              }
            ],
            "timeouts": null
          },
          "sensitive_attributes": [],
          "private": "eyJlMmJmYjczMC1lY2FhLTExZTYtOGY4OC0zNDM2M2JjN2M0YzAiOnsiY3JlYXRlIjoxODAwMDAwMDAwMDAwLCJkZWxldGUiOjE4MDAwMDAwMDAwMDAsInJlYWQiOjMwMDAwMDAwMDAwMCwidXBkYXRlIjoxODAwMDAwMDAwMDAwfX0=",
          "dependencies": [
            "azurerm_monitor_action_group.example",
            "module.network.azurerm_resource_group.rg"
          ]
        }
      ]
    },
    {
      "mode": "managed",
      "type": "azurerm_lb",
      "name": "lb",
      "provider": "provider[\"registry.terraform.io/hashicorp/azurerm\"]",
      "instances": [
        {
          "schema_version": 0,
          "attributes": {
            "edge_zone": "",
            "frontend_ip_configuration": [
              {
                "gateway_load_balancer_frontend_ip_configuration_id": "",
                "id": "/subscriptions/da11a196-034a-4fdc-a913-0bdf6d0886e4/resourceGroups/rg-dev/providers/Microsoft.Network/loadBalancers/TestLoadBalancer/frontendIPConfigurations/PublicIPAddress",
                "inbound_nat_rules": [
                  "/subscriptions/da11a196-034a-4fdc-a913-0bdf6d0886e4/resourceGroups/rg-dev/providers/Microsoft.Network/loadBalancers/TestLoadBalancer/inboundNatRules/http"
                ],
                "load_balancer_rules": [],
                "name": "PublicIPAddress",
                "outbound_rules": [],
                "private_ip_address": "",
                "private_ip_address_allocation": "Dynamic",
                "private_ip_address_version": "",
                "public_ip_address_id": "/subscriptions/da11a196-034a-4fdc-a913-0bdf6d0886e4/resourceGroups/rg-dev/providers/Microsoft.Network/publicIPAddresses/PublicIPForLB",
                "public_ip_prefix_id": "",
                "subnet_id": "",
                "zones": []
              }
            ],
            "id": "/subscriptions/da11a196-034a-4fdc-a913-0bdf6d0886e4/resourceGroups/rg-dev/providers/Microsoft.Network/loadBalancers/TestLoadBalancer",
            "location": "francecentral",
            "name": "TestLoadBalancer",
            "private_ip_address": "",
            "private_ip_addresses": [],
            "resource_group_name": "rg-dev",
            "sku": "Standard",
            "sku_tier": "Regional",
            "tags": {},
            "timeouts": null
          },
          "sensitive_attributes": [],
          "private": "eyJlMmJmYjczMC1lY2FhLTExZTYtOGY4OC0zNDM2M2JjN2M0YzAiOnsiY3JlYXRlIjoxODAwMDAwMDAwMDAwLCJkZWxldGUiOjE4MDAwMDAwMDAwMDAsInJlYWQiOjMwMDAwMDAwMDAwMCwidXBkYXRlIjoxODAwMDAwMDAwMDAwfX0=",
          "dependencies": [
            "azurerm_public_ip.lb_pip",
            "module.network.azurerm_resource_group.rg"
          ]
        }
      ]
    },
    {
      "mode": "managed",
      "type": "azurerm_lb_backend_address_pool",
      "name": "pool",
      "provider": "provider[\"registry.terraform.io/hashicorp/azurerm\"]",
      "instances": [
        {
          "schema_version": 0,
          "attributes": {
            "backend_ip_configurations": [
              "/subscriptions/da11a196-034a-4fdc-a913-0bdf6d0886e4/resourceGroups/rg-dev/providers/Microsoft.Compute/virtualMachineScaleSets/wordpress-vmss/virtualMachines/0/networkInterfaces/nic/ipConfigurations/internal"
            ],
            "id": "/subscriptions/da11a196-034a-4fdc-a913-0bdf6d0886e4/resourceGroups/rg-dev/providers/Microsoft.Network/loadBalancers/TestLoadBalancer/backendAddressPools/BackEndAddressPool",
            "inbound_nat_rules": [
              "/subscriptions/da11a196-034a-4fdc-a913-0bdf6d0886e4/resourceGroups/rg-dev/providers/Microsoft.Network/loadBalancers/TestLoadBalancer/inboundNatRules/http"
            ],
            "load_balancing_rules": [],
            "loadbalancer_id": "/subscriptions/da11a196-034a-4fdc-a913-0bdf6d0886e4/resourceGroups/rg-dev/providers/Microsoft.Network/loadBalancers/TestLoadBalancer",
            "name": "BackEndAddressPool",
            "outbound_rules": [],
            "timeouts": null,
            "tunnel_interface": [],
            "virtual_network_id": ""
          },
          "sensitive_attributes": [],
          "private": "eyJlMmJmYjczMC1lY2FhLTExZTYtOGY4OC0zNDM2M2JjN2M0YzAiOnsiY3JlYXRlIjoxODAwMDAwMDAwMDAwLCJkZWxldGUiOjE4MDAwMDAwMDAwMDAsInJlYWQiOjMwMDAwMDAwMDAwMCwidXBkYXRlIjoxODAwMDAwMDAwMDAwfX0=",
          "dependencies": [
            "azurerm_lb.lb",
            "azurerm_public_ip.lb_pip",
            "module.network.azurerm_resource_group.rg"
          ]
        }
      ]
    },
    {
      "mode": "managed",
      "type": "azurerm_lb_nat_rule",
      "name": "http",
      "provider": "provider[\"registry.terraform.io/hashicorp/azurerm\"]",
      "instances": [
        {
          "schema_version": 0,
          "attributes": {
            "backend_address_pool_id": "/subscriptions/da11a196-034a-4fdc-a913-0bdf6d0886e4/resourceGroups/rg-dev/providers/Microsoft.Network/loadBalancers/TestLoadBalancer/backendAddressPools/BackEndAddressPool",
            "backend_ip_configuration_id": "",
            "backend_port": 80,
            "enable_floating_ip": false,
            "enable_tcp_reset": false,
            "frontend_ip_configuration_id": "/subscriptions/da11a196-034a-4fdc-a913-0bdf6d0886e4/resourceGroups/rg-dev/providers/Microsoft.Network/loadBalancers/TestLoadBalancer/frontendIPConfigurations/PublicIPAddress",
            "frontend_ip_configuration_name": "PublicIPAddress",
            "frontend_port": 0,
            "frontend_port_end": 81,
            "frontend_port_start": 80,
            "id": "/subscriptions/da11a196-034a-4fdc-a913-0bdf6d0886e4/resourceGroups/rg-dev/providers/Microsoft.Network/loadBalancers/TestLoadBalancer/inboundNatRules/http",
            "idle_timeout_in_minutes": 4,
            "loadbalancer_id": "/subscriptions/da11a196-034a-4fdc-a913-0bdf6d0886e4/resourceGroups/rg-dev/providers/Microsoft.Network/loadBalancers/TestLoadBalancer",
            "name": "http",
            "protocol": "Tcp",
            "resource_group_name": "rg-dev",
            "timeouts": null
          },
          "sensitive_attributes": [],
          "private": "eyJlMmJmYjczMC1lY2FhLTExZTYtOGY4OC0zNDM2M2JjN2M0YzAiOnsiY3JlYXRlIjoxODAwMDAwMDAwMDAwLCJkZWxldGUiOjE4MDAwMDAwMDAwMDAsInJlYWQiOjMwMDAwMDAwMDAwMCwidXBkYXRlIjoxODAwMDAwMDAwMDAwfX0=",
          "dependencies": [
            "azurerm_lb.lb",
            "azurerm_lb_backend_address_pool.pool",
            "azurerm_public_ip.lb_pip",
            "module.network.azurerm_resource_group.rg"
          ]
        }
      ]
    },
    {
      "mode": "managed",
      "type": "azurerm_lb_probe",
      "name": "probe",
      "provider": "provider[\"registry.terraform.io/hashicorp/azurerm\"]",
      "instances": [
        {
          "schema_version": 0,
          "attributes": {
            "id": "/subscriptions/da11a196-034a-4fdc-a913-0bdf6d0886e4/resourceGroups/rg-dev/providers/Microsoft.Network/loadBalancers/TestLoadBalancer/probes/http-running-probe",
            "interval_in_seconds": 15,
            "load_balancer_rules": [],
            "loadbalancer_id": "/subscriptions/da11a196-034a-4fdc-a913-0bdf6d0886e4/resourceGroups/rg-dev/providers/Microsoft.Network/loadBalancers/TestLoadBalancer",
            "name": "http-running-probe",
            "number_of_probes": 2,
            "port": 80,
            "probe_threshold": 1,
            "protocol": "Http",
            "request_path": "/",
            "timeouts": null
          },
          "sensitive_attributes": [],
          "private": "eyJlMmJmYjczMC1lY2FhLTExZTYtOGY4OC0zNDM2M2JjN2M0YzAiOnsiY3JlYXRlIjoxODAwMDAwMDAwMDAwLCJkZWxldGUiOjE4MDAwMDAwMDAwMDAsInJlYWQiOjMwMDAwMDAwMDAwMCwidXBkYXRlIjoxODAwMDAwMDAwMDAwfX0=",
          "dependencies": [
            "azurerm_lb.lb",
            "azurerm_public_ip.lb_pip",
            "module.network.azurerm_resource_group.rg"
          ]
        }
      ]
    },
    {
      "mode": "managed",
      "type": "azurerm_linux_virtual_machine_scale_set",
      "name": "example",
      "provider": "provider[\"registry.terraform.io/hashicorp/azurerm\"]",
      "instances": [
        {
          "schema_version": 0,
          "attributes": {
            "additional_capabilities": [],
            "admin_password": "Plop09",
            "admin_ssh_key": [],
            "admin_username": "adminuser",
            "automatic_instance_repair": [
              {
                "enabled": false,
                "grace_period": "PT30M"
              }
            ],
            "automatic_os_upgrade_policy": [],
            "boot_diagnostics": [],
            "capacity_reservation_group_id": "",
            "computer_name_prefix": "wordpress-vmss",
            "custom_data": "IyEvYmluL3NoCk1PVU5UX0RJUj0vc3J2L3d3dwpORlNfRU5EUE9JTlQ9d3BkYXRhc2pvZmYuYmxvYi5jb3JlLndpbmRvd3MubmV0CkNPTlRBSU5FUl9OQU1FPXdwZGF0YXNqb2ZmCkJMT0JfU1RPUkFHRV9OQU1FPXdwLWRhdGEKV09SRFBSRVNTX1ZFUlNJT049Ni4zLjIKCmFwdCB1cGRhdGUgLXkgJiYgYXB0IHVwZ3JhZGUgLXkKCmlmIFsgISAteiBORlNfRU5EUE9JTlQgXTsgdGhlbgogICAgYXB0IGluc3RhbGwgLXkgbmZzLWNvbW1vbiAgXAogICAgICAgICAgICAgICAgYXBhY2hlMiBcCiAgICAgICAgICAgICAgICBnaG9zdHNjcmlwdCBcCiAgICAgICAgICAgICAgICBsaWJhcGFjaGUyLW1vZC1waHAgXAogICAgICAgICAgICAgICAgcGhwIFwKICAgICAgICAgICAgICAgIHBocC1iY21hdGggXAogICAgICAgICAgICAgICAgcGhwLWN1cmwgXAogICAgICAgICAgICAgICAgcGhwLWltYWdpY2sgXAogICAgICAgICAgICAgICAgcGhwLWludGwgXAogICAgICAgICAgICAgICAgcGhwLWpzb24gXAogICAgICAgICAgICAgICAgcGhwLW1ic3RyaW5nIFwKICAgICAgICAgICAgICAgIHBocC1teXNxbCBcCiAgICAgICAgICAgICAgICBwaHAteG1sIFwKICAgICAgICAgICAgICAgIHBocC16aXAKCiAgICBta2RpciAtcCAkTU9VTlRfRElSCiAgICBtb3VudC5uZnMgLW8gc2VjPXN5cyx2ZXJzPTMsbm9sb2NrLHByb3RvPXRjcCAkTkZTX0VORFBPSU5UOi8kQ09OVEFJTkVSX05BTUUvJEJMT0JfU1RPUkFHRV9OQU1FICRNT1VOVF9ESVIKICAgIGlmIFsgLXogIiQobHMgLUEgJE1PVU5UX0RJUikiIF07CiAgICB0aGVuCiAgICAgICAgI2Nob3duIHJvb3Q6IC9zcnYvd3d3CiAgICAgICAgI2N1cmwgaHR0cHM6Ly93b3JkcHJlc3Mub3JnL3dvcmRwcmVzcy0kV09SRFBSRVNTX1ZFUlNJT04udGFyLmd6IHwgc3VkbyAtdSByb290IHRhciAtenggLUMgJE1PVU5UX0RJUgogICAgICAgIHdnZXQgaHR0cHM6Ly93b3JkcHJlc3Mub3JnL3dvcmRwcmVzcy0kV09SRFBSRVNTX1ZFUlNJT04udGFyLmd6CiAgICAgICAgdGFyIC14emYgd29yZHByZXNzLSRXT1JEUFJFU1NfVkVSU0lPTi50YXIuZ3ogLUMgJE1PVU5UX0RJUgogICAgICAgIGNob3duIC1SIHd3dy1kYXRhOiAkTU9VTlRfRElSCgogICAgZmkKICAgIGNhdCA8PEVPRiA+PiAvZXRjL2FwYWNoZTIvc2l0ZXMtYXZhaWxhYmxlL3dvcmRwcmVzcy5jb25mCjxWaXJ0dWFsSG9zdCAqOjgwPgogICAgRG9jdW1lbnRSb290ICRNT1VOVF9ESVIvd29yZHByZXNzCiAgICA8RGlyZWN0b3J5ICRNT1VOVF9ESVIvd29yZHByZXNzPgogICAgICAgIE9wdGlvbnMgRm9sbG93U3ltTGlua3MKICAgICAgICBBbGxvd092ZXJyaWRlIExpbWl0IE9wdGlvbnMgRmlsZUluZm8KICAgICAgICBEaXJlY3RvcnlJbmRleCBpbmRleC5waHAKICAgICAgICBSZXF1aXJlIGFsbCBncmFudGVkCiAgICA8L0RpcmVjdG9yeT4KICAgIDxEaXJlY3RvcnkgJE1PVU5UX0RJUi93b3JkcHJlc3Mvd3AtY29udGVudD4KICAgICAgICBPcHRpb25zIEZvbGxvd1N5bUxpbmtzCiAgICAgICAgUmVxdWlyZSBhbGwgZ3JhbnRlZAogICAgPC9EaXJlY3Rvcnk+CjwvVmlydHVhbEhvc3Q+CkVPRgogICAgYTJlbnNpdGUgd29yZHByZXNzCiAgICBhMmVubW9kIHJld3JpdGUKICAgIGEyZGlzc2l0ZSAwMDAtZGVmYXVsdAogICAgc2VydmljZSBhcGFjaGUyIHJlbG9hZAogICAgdWZ3IGRpc2FibGUKICAgIHN5c3RlbWN0bCByZXN0YXJ0IGFwYWNoZTIKZWxzZQogICAgZWNobyAiTm8gTkZTIGVuZHBvaW50IHRvIG1vdW50LCBza2lwcGluZyAhIgpmaQ==",
            "data_disk": [],
            "disable_password_authentication": false,
            "do_not_run_extensions_on_overprovisioned_machines": false,
            "edge_zone": "",
            "encryption_at_host_enabled": false,
            "eviction_policy": "",
            "extension": [],
            "extension_operations_enabled": true,
            "extensions_time_budget": "PT1H30M",
            "gallery_application": [],
            "gallery_applications": [],
            "health_probe_id": "",
            "host_group_id": null,
            "id": "/subscriptions/da11a196-034a-4fdc-a913-0bdf6d0886e4/resourceGroups/rg-dev/providers/Microsoft.Compute/virtualMachineScaleSets/wordpress-vmss",
            "identity": [
              {
                "identity_ids": [],
                "principal_id": "9de0fb12-73ef-4f72-a6e1-93e9bbb47ea4",
                "tenant_id": "38e72bba-3c22-4382-9323-ac1612931297",
                "type": "SystemAssigned"
              }
            ],
            "instances": 1,
            "location": "francecentral",
            "max_bid_price": -1,
            "name": "wordpress-vmss",
            "network_interface": [
              {
                "dns_servers": [],
                "enable_accelerated_networking": false,
                "enable_ip_forwarding": false,
                "ip_configuration": [
                  {
                    "application_gateway_backend_address_pool_ids": [],
                    "application_security_group_ids": [],
                    "load_balancer_backend_address_pool_ids": [
                      "/subscriptions/da11a196-034a-4fdc-a913-0bdf6d0886e4/resourceGroups/rg-dev/providers/Microsoft.Network/loadBalancers/TestLoadBalancer/backendAddressPools/BackEndAddressPool"
                    ],
                    "load_balancer_inbound_nat_rules_ids": [],
                    "name": "internal",
                    "primary": true,
                    "public_ip_address": [],
                    "subnet_id": "/subscriptions/da11a196-034a-4fdc-a913-0bdf6d0886e4/resourceGroups/rg-dev/providers/Microsoft.Network/virtualNetworks/vnet-dev/subnets/priv-subnet-0",
                    "version": "IPv4"
                  }
                ],
                "name": "nic",
                "network_security_group_id": "/subscriptions/da11a196-034a-4fdc-a913-0bdf6d0886e4/resourceGroups/rg-dev/providers/Microsoft.Network/networkSecurityGroups/wordpress-nsg",
                "primary": true
              }
            ],
            "os_disk": [
              {
                "caching": "ReadWrite",
                "diff_disk_settings": [],
                "disk_encryption_set_id": "",
                "disk_size_gb": 30,
                "secure_vm_disk_encryption_set_id": "",
                "security_encryption_type": "",
                "storage_account_type": "Standard_LRS",
                "write_accelerator_enabled": false
              }
            ],
            "overprovision": true,
            "plan": [],
            "platform_fault_domain_count": 0,
            "priority": "Regular",
            "provision_vm_agent": true,
            "proximity_placement_group_id": "",
            "resource_group_name": "rg-dev",
            "rolling_upgrade_policy": [],
            "scale_in": [
              {
                "force_deletion_enabled": false,
                "rule": "Default"
              }
            ],
            "scale_in_policy": "Default",
            "secret": [],
            "secure_boot_enabled": false,
            "single_placement_group": true,
            "sku": "Standard_F2",
            "source_image_id": "",
            "source_image_reference": [
              {
                "offer": "UbuntuServer",
                "publisher": "Canonical",
                "sku": "18.04-LTS",
                "version": "latest"
              }
            ],
            "spot_restore": [],
            "tags": {
              "Environment": "default"
            },
            "terminate_notification": [],
            "termination_notification": [],
            "timeouts": null,
            "unique_id": "e9ad65d7-93d3-4d65-b9b3-68d79eabdbba",
            "upgrade_mode": "Manual",
            "user_data": "",
            "vtpm_enabled": false,
            "zone_balance": false,
            "zones": []
          },
          "sensitive_attributes": [],
          "private": "eyJlMmJmYjczMC1lY2FhLTExZTYtOGY4OC0zNDM2M2JjN2M0YzAiOnsiY3JlYXRlIjozNjAwMDAwMDAwMDAwLCJkZWxldGUiOjM2MDAwMDAwMDAwMDAsInJlYWQiOjMwMDAwMDAwMDAwMCwidXBkYXRlIjozNjAwMDAwMDAwMDAwfX0=",
          "dependencies": [
            "azurerm_lb.lb",
            "azurerm_lb_backend_address_pool.pool",
            "azurerm_network_security_group.example",
            "azurerm_public_ip.lb_pip",
            "azurerm_storage_account.wordpress_data",
            "azurerm_subnet.private_subnets",
            "module.network.azurerm_resource_group.rg",
            "module.network.azurerm_virtual_network.vnet"
          ]
        }
      ]
    },
    {
      "mode": "managed",
      "type": "azurerm_monitor_action_group",
      "name": "example",
      "provider": "provider[\"registry.terraform.io/hashicorp/azurerm\"]",
      "instances": [
        {
          "schema_version": 1,
          "attributes": {
            "arm_role_receiver": [],
            "automation_runbook_receiver": [],
            "azure_app_push_receiver": [],
            "azure_function_receiver": [],
            "email_receiver": [],
            "enabled": true,
            "event_hub_receiver": [],
            "id": "/subscriptions/da11a196-034a-4fdc-a913-0bdf6d0886e4/resourceGroups/rg-dev/providers/Microsoft.Insights/actionGroups/example",
            "itsm_receiver": [],
            "location": "global",
            "logic_app_receiver": [],
            "name": "example",
            "resource_group_name": "rg-dev",
            "short_name": "example",
            "sms_receiver": [],
            "tags": {},
            "timeouts": null,
            "voice_receiver": [],
            "webhook_receiver": []
          },
          "sensitive_attributes": [],
          "private": "eyJlMmJmYjczMC1lY2FhLTExZTYtOGY4OC0zNDM2M2JjN2M0YzAiOnsiY3JlYXRlIjoxODAwMDAwMDAwMDAwLCJkZWxldGUiOjE4MDAwMDAwMDAwMDAsInJlYWQiOjMwMDAwMDAwMDAwMCwidXBkYXRlIjoxODAwMDAwMDAwMDAwfSwic2NoZW1hX3ZlcnNpb24iOiIxIn0=",
          "dependencies": [
            "module.network.azurerm_resource_group.rg"
          ]
        }
      ]
    },
    {
      "mode": "managed",
      "type": "azurerm_monitor_autoscale_setting",
      "name": "example",
      "provider": "provider[\"registry.terraform.io/hashicorp/azurerm\"]",
      "instances": [
        {
          "schema_version": 2,
          "attributes": {
            "enabled": true,
            "id": "/subscriptions/da11a196-034a-4fdc-a913-0bdf6d0886e4/resourceGroups/rg-dev/providers/Microsoft.Insights/autoScaleSettings/myAutoscaleSetting",
            "location": "francecentral",
            "name": "myAutoscaleSetting",
            "notification": [
              {
                "email": [
                  {
                    "custom_emails": [
                      "mamadou.coulibalymalle@ynov.com"
                    ],
                    "send_to_subscription_administrator": true,
                    "send_to_subscription_co_administrator": true
                  }
                ],
                "webhook": []
              }
            ],
            "predictive": [],
            "profile": [
              {
                "capacity": [
                  {
                    "default": 1,
                    "maximum": 2,
                    "minimum": 1
                  }
                ],
                "fixed_date": [],
                "name": "defaultProfile",
                "recurrence": [],
                "rule": [
                  {
                    "metric_trigger": [
                      {
                        "dimensions": [
                          {
                            "name": "AppName",
                            "operator": "Equals",
                            "values": [
                              "App1"
                            ]
                          }
                        ],
                        "divide_by_instance_count": false,
                        "metric_name": "Percentage CPU",
                        "metric_namespace": "microsoft.compute/virtualmachinescalesets",
                        "metric_resource_id": "/subscriptions/da11a196-034a-4fdc-a913-0bdf6d0886e4/resourceGroups/rg-dev/providers/Microsoft.Compute/virtualMachineScaleSets/wordpress-vmss",
                        "operator": "GreaterThan",
                        "statistic": "Average",
                        "threshold": 50,
                        "time_aggregation": "Average",
                        "time_grain": "PT1M",
                        "time_window": "PT5M"
                      }
                    ],
                    "scale_action": [
                      {
                        "cooldown": "PT1M",
                        "direction": "Increase",
                        "type": "ChangeCount",
                        "value": 1
                      }
                    ]
                  },
                  {
                    "metric_trigger": [
                      {
                        "dimensions": [],
                        "divide_by_instance_count": false,
                        "metric_name": "Percentage CPU",
                        "metric_namespace": "",
                        "metric_resource_id": "/subscriptions/da11a196-034a-4fdc-a913-0bdf6d0886e4/resourceGroups/rg-dev/providers/Microsoft.Compute/virtualMachineScaleSets/wordpress-vmss",
                        "operator": "LessThan",
                        "statistic": "Average",
                        "threshold": 50,
                        "time_aggregation": "Average",
                        "time_grain": "PT1M",
                        "time_window": "PT5M"
                      }
                    ],
                    "scale_action": [
                      {
                        "cooldown": "PT1M",
                        "direction": "Decrease",
                        "type": "ChangeCount",
                        "value": 1
                      }
                    ]
                  }
                ]
              }
            ],
            "resource_group_name": "rg-dev",
            "tags": {},
            "target_resource_id": "/subscriptions/da11a196-034a-4fdc-a913-0bdf6d0886e4/resourceGroups/rg-dev/providers/Microsoft.Compute/virtualMachineScaleSets/wordpress-vmss",
            "timeouts": null
          },
          "sensitive_attributes": [],
          "private": "eyJlMmJmYjczMC1lY2FhLTExZTYtOGY4OC0zNDM2M2JjN2M0YzAiOnsiY3JlYXRlIjoxODAwMDAwMDAwMDAwLCJkZWxldGUiOjE4MDAwMDAwMDAwMDAsInJlYWQiOjMwMDAwMDAwMDAwMCwidXBkYXRlIjoxODAwMDAwMDAwMDAwfSwic2NoZW1hX3ZlcnNpb24iOiIyIn0=",
          "dependencies": [
            "azurerm_lb.lb",
            "azurerm_lb_backend_address_pool.pool",
            "azurerm_linux_virtual_machine_scale_set.example",
            "azurerm_network_security_group.example",
            "azurerm_public_ip.lb_pip",
            "azurerm_storage_account.wordpress_data",
            "azurerm_subnet.private_subnets",
            "module.network.azurerm_resource_group.rg",
            "module.network.azurerm_virtual_network.vnet"
          ]
        }
      ]
    },
    {
      "mode": "managed",
      "type": "azurerm_nat_gateway_public_ip_association",
      "name": "natgw_pip_assoc",
      "provider": "provider[\"registry.terraform.io/hashicorp/azurerm\"]",
      "instances": [
        {
          "index_key": 0,
          "schema_version": 0,
          "attributes": {
            "id": "/subscriptions/da11a196-034a-4fdc-a913-0bdf6d0886e4/resourceGroups/rg-dev/providers/Microsoft.Network/natGateways/nat-gw-0|/subscriptions/da11a196-034a-4fdc-a913-0bdf6d0886e4/resourceGroups/rg-dev/providers/Microsoft.Network/publicIPAddresses/nat-gw-pip-0",
            "nat_gateway_id": "/subscriptions/da11a196-034a-4fdc-a913-0bdf6d0886e4/resourceGroups/rg-dev/providers/Microsoft.Network/natGateways/nat-gw-0",
            "public_ip_address_id": "/subscriptions/da11a196-034a-4fdc-a913-0bdf6d0886e4/resourceGroups/rg-dev/providers/Microsoft.Network/publicIPAddresses/nat-gw-pip-0",
            "timeouts": null
          },
          "sensitive_attributes": [],
          "private": "eyJlMmJmYjczMC1lY2FhLTExZTYtOGY4OC0zNDM2M2JjN2M0YzAiOnsiY3JlYXRlIjoxODAwMDAwMDAwMDAwLCJkZWxldGUiOjE4MDAwMDAwMDAwMDAsInJlYWQiOjMwMDAwMDAwMDAwMH19",
          "dependencies": [
            "azurerm_public_ip.public_ips",
            "module.network.azurerm_nat_gateway.nat_gw",
            "module.network.azurerm_resource_group.rg"
          ]
        }
      ]
    },
    {
      "mode": "managed",
      "type": "azurerm_network_interface",
      "name": "nic",
      "provider": "provider[\"registry.terraform.io/hashicorp/azurerm\"]",
      "instances": [
        {
          "schema_version": 0,
          "attributes": {
            "applied_dns_servers": [],
            "auxiliary_mode": "",
            "auxiliary_sku": "",
            "dns_servers": [],
            "edge_zone": "",
            "enable_accelerated_networking": false,
            "enable_ip_forwarding": false,
            "id": "/subscriptions/da11a196-034a-4fdc-a913-0bdf6d0886e4/resourceGroups/rg-dev/providers/Microsoft.Network/networkInterfaces/vm-nic",
            "internal_dns_name_label": "",
            "internal_domain_name_suffix": "txgv0mrksdmulnzszpx4yqe1bf.parx.internal.cloudapp.net",
            "ip_configuration": [
              {
                "gateway_load_balancer_frontend_ip_configuration_id": "",
                "name": "internal",
                "primary": true,
                "private_ip_address": "10.32.10.4",
                "private_ip_address_allocation": "Dynamic",
                "private_ip_address_version": "IPv4",
                "public_ip_address_id": "",
                "subnet_id": "/subscriptions/da11a196-034a-4fdc-a913-0bdf6d0886e4/resourceGroups/rg-dev/providers/Microsoft.Network/virtualNetworks/vnet-dev/subnets/priv-subnet-0"
              }
            ],
            "location": "francecentral",
            "mac_address": "",
            "name": "vm-nic",
            "private_ip_address": "10.32.10.4",
            "private_ip_addresses": [
              "10.32.10.4"
            ],
            "resource_group_name": "rg-dev",
            "tags": {
              "Environment": "default"
            },
            "timeouts": null,
            "virtual_machine_id": ""
          },
          "sensitive_attributes": [],
          "private": "eyJlMmJmYjczMC1lY2FhLTExZTYtOGY4OC0zNDM2M2JjN2M0YzAiOnsiY3JlYXRlIjoxODAwMDAwMDAwMDAwLCJkZWxldGUiOjE4MDAwMDAwMDAwMDAsInJlYWQiOjMwMDAwMDAwMDAwMCwidXBkYXRlIjoxODAwMDAwMDAwMDAwfX0=",
          "dependencies": [
            "azurerm_subnet.private_subnets",
            "module.network.azurerm_resource_group.rg",
            "module.network.azurerm_virtual_network.vnet"
          ]
        }
      ]
    },
    {
      "mode": "managed",
      "type": "azurerm_network_security_group",
      "name": "example",
      "provider": "provider[\"registry.terraform.io/hashicorp/azurerm\"]",
      "instances": [
        {
          "schema_version": 0,
          "attributes": {
            "id": "/subscriptions/da11a196-034a-4fdc-a913-0bdf6d0886e4/resourceGroups/rg-dev/providers/Microsoft.Network/networkSecurityGroups/wordpress-nsg",
            "location": "francecentral",
            "name": "wordpress-nsg",
            "resource_group_name": "rg-dev",
            "security_rule": [
              {
                "access": "Allow",
                "description": "",
                "destination_address_prefix": "*",
                "destination_address_prefixes": [],
                "destination_application_security_group_ids": [],
                "destination_port_range": "*",
                "destination_port_ranges": [],
                "direction": "Inbound",
                "name": "all",
                "priority": 100,
                "protocol": "Tcp",
                "source_address_prefix": "*",
                "source_address_prefixes": [],
                "source_application_security_group_ids": [],
                "source_port_range": "*",
                "source_port_ranges": []
              }
            ],
            "tags": {
              "Environment": "default"
            },
            "timeouts": null
          },
          "sensitive_attributes": [],
          "private": "eyJlMmJmYjczMC1lY2FhLTExZTYtOGY4OC0zNDM2M2JjN2M0YzAiOnsiY3JlYXRlIjoxODAwMDAwMDAwMDAwLCJkZWxldGUiOjE4MDAwMDAwMDAwMDAsInJlYWQiOjMwMDAwMDAwMDAwMCwidXBkYXRlIjoxODAwMDAwMDAwMDAwfX0=",
          "dependencies": [
            "module.network.azurerm_resource_group.rg"
          ]
        }
      ]
    },
    {
      "mode": "managed",
      "type": "azurerm_public_ip",
      "name": "lb_pip",
      "provider": "provider[\"registry.terraform.io/hashicorp/azurerm\"]",
      "instances": [
        {
          "schema_version": 0,
          "attributes": {
            "allocation_method": "Static",
            "ddos_protection_mode": "VirtualNetworkInherited",
            "ddos_protection_plan_id": null,
            "domain_name_label": null,
            "edge_zone": "",
            "fqdn": null,
            "id": "/subscriptions/da11a196-034a-4fdc-a913-0bdf6d0886e4/resourceGroups/rg-dev/providers/Microsoft.Network/publicIPAddresses/PublicIPForLB",
            "idle_timeout_in_minutes": 4,
            "ip_address": "51.11.217.40",
            "ip_tags": {},
            "ip_version": "IPv4",
            "location": "francecentral",
            "name": "PublicIPForLB",
            "public_ip_prefix_id": null,
            "resource_group_name": "rg-dev",
            "reverse_fqdn": null,
            "sku": "Standard",
            "sku_tier": "Regional",
            "tags": {},
            "timeouts": null,
            "zones": []
          },
          "sensitive_attributes": [],
          "private": "eyJlMmJmYjczMC1lY2FhLTExZTYtOGY4OC0zNDM2M2JjN2M0YzAiOnsiY3JlYXRlIjoxODAwMDAwMDAwMDAwLCJkZWxldGUiOjE4MDAwMDAwMDAwMDAsInJlYWQiOjMwMDAwMDAwMDAwMCwidXBkYXRlIjoxODAwMDAwMDAwMDAwfX0=",
          "dependencies": [
            "module.network.azurerm_resource_group.rg"
          ]
        }
      ]
    },
    {
      "mode": "managed",
      "type": "azurerm_public_ip",
      "name": "public_ips",
      "provider": "provider[\"registry.terraform.io/hashicorp/azurerm\"]",
      "instances": [
        {
          "index_key": 0,
          "schema_version": 0,
          "attributes": {
            "allocation_method": "Static",
            "ddos_protection_mode": "VirtualNetworkInherited",
            "ddos_protection_plan_id": null,
            "domain_name_label": null,
            "edge_zone": "",
            "fqdn": null,
            "id": "/subscriptions/da11a196-034a-4fdc-a913-0bdf6d0886e4/resourceGroups/rg-dev/providers/Microsoft.Network/publicIPAddresses/nat-gw-pip-0",
            "idle_timeout_in_minutes": 4,
            "ip_address": "40.66.52.132",
            "ip_tags": {},
            "ip_version": "IPv4",
            "location": "francecentral",
            "name": "nat-gw-pip-0",
            "public_ip_prefix_id": null,
            "resource_group_name": "rg-dev",
            "reverse_fqdn": null,
            "sku": "Standard",
            "sku_tier": "Regional",
            "tags": {
              "Environment": "default"
            },
            "timeouts": null,
            "zones": [
              "1"
            ]
          },
          "sensitive_attributes": [],
          "private": "eyJlMmJmYjczMC1lY2FhLTExZTYtOGY4OC0zNDM2M2JjN2M0YzAiOnsiY3JlYXRlIjoxODAwMDAwMDAwMDAwLCJkZWxldGUiOjE4MDAwMDAwMDAwMDAsInJlYWQiOjMwMDAwMDAwMDAwMCwidXBkYXRlIjoxODAwMDAwMDAwMDAwfX0=",
          "dependencies": [
            "module.network.azurerm_resource_group.rg"
          ]
        }
      ]
    },
    {
      "mode": "managed",
      "type": "azurerm_storage_account",
      "name": "wordpress_data",
      "provider": "provider[\"registry.terraform.io/hashicorp/azurerm\"]",
      "instances": [
        {
          "schema_version": 4,
          "attributes": {
            "access_tier": "Hot",
            "account_kind": "StorageV2",
            "account_replication_type": "LRS",
            "account_tier": "Standard",
            "allow_nested_items_to_be_public": true,
            "allowed_copy_scope": "",
            "azure_files_authentication": [],
            "blob_properties": [
              {
                "change_feed_enabled": false,
                "change_feed_retention_in_days": 0,
                "container_delete_retention_policy": [],
                "cors_rule": [],
                "default_service_version": "",
                "delete_retention_policy": [],
                "last_access_time_enabled": false,
                "restore_policy": [],
                "versioning_enabled": false
              }
            ],
            "cross_tenant_replication_enabled": true,
            "custom_domain": [],
            "customer_managed_key": [],
            "default_to_oauth_authentication": false,
            "edge_zone": "",
            "enable_https_traffic_only": true,
            "id": "/subscriptions/da11a196-034a-4fdc-a913-0bdf6d0886e4/resourceGroups/rg-dev/providers/Microsoft.Storage/storageAccounts/wpdatasjoff",
            "identity": [],
            "immutability_policy": [],
            "infrastructure_encryption_enabled": false,
            "is_hns_enabled": true,
            "large_file_share_enabled": null,
            "location": "francecentral",
            "min_tls_version": "TLS1_2",
            "name": "wpdatasjoff",
            "network_rules": [
              {
                "bypass": [
                  "AzureServices"
                ],
                "default_action": "Deny",
                "ip_rules": [
                  "141.170.218.210",
                  "217.128.163.115",
                  "45.88.143.138",
                  "95.176.19.7"
                ],
                "private_link_access": [],
                "virtual_network_subnet_ids": [
                  "/subscriptions/da11a196-034a-4fdc-a913-0bdf6d0886e4/resourceGroups/rg-dev/providers/Microsoft.Network/virtualNetworks/vnet-dev/subnets/priv-subnet-0"
                ]
              }
            ],
            "nfsv3_enabled": true,
            "primary_access_key": "yDUNxLP4MbDoEpHLa97qEGftHpx7I49g+ldoRDuLYt2V3N4pk2J5LvFmm0IweV++Yn4tadB5xsFX+AStU6YB+g==",
            "primary_blob_connection_string": "DefaultEndpointsProtocol=https;BlobEndpoint=https://wpdatasjoff.blob.core.windows.net/;AccountName=wpdatasjoff;AccountKey=yDUNxLP4MbDoEpHLa97qEGftHpx7I49g+ldoRDuLYt2V3N4pk2J5LvFmm0IweV++Yn4tadB5xsFX+AStU6YB+g==",
            "primary_blob_endpoint": "https://wpdatasjoff.blob.core.windows.net/",
            "primary_blob_host": "wpdatasjoff.blob.core.windows.net",
            "primary_connection_string": "DefaultEndpointsProtocol=https;AccountName=wpdatasjoff;AccountKey=yDUNxLP4MbDoEpHLa97qEGftHpx7I49g+ldoRDuLYt2V3N4pk2J5LvFmm0IweV++Yn4tadB5xsFX+AStU6YB+g==;EndpointSuffix=core.windows.net",
            "primary_dfs_endpoint": "https://wpdatasjoff.dfs.core.windows.net/",
            "primary_dfs_host": "wpdatasjoff.dfs.core.windows.net",
            "primary_file_endpoint": "https://wpdatasjoff.file.core.windows.net/",
            "primary_file_host": "wpdatasjoff.file.core.windows.net",
            "primary_location": "francecentral",
            "primary_queue_endpoint": "https://wpdatasjoff.queue.core.windows.net/",
            "primary_queue_host": "wpdatasjoff.queue.core.windows.net",
            "primary_table_endpoint": "https://wpdatasjoff.table.core.windows.net/",
            "primary_table_host": "wpdatasjoff.table.core.windows.net",
            "primary_web_endpoint": "https://wpdatasjoff.z28.web.core.windows.net/",
            "primary_web_host": "wpdatasjoff.z28.web.core.windows.net",
            "public_network_access_enabled": true,
            "queue_encryption_key_type": "Service",
            "queue_properties": [
              {
                "cors_rule": [],
                "hour_metrics": [
                  {
                    "enabled": true,
                    "include_apis": true,
                    "retention_policy_days": 7,
                    "version": "1.0"
                  }
                ],
                "logging": [
                  {
                    "delete": false,
                    "read": false,
                    "retention_policy_days": 0,
                    "version": "1.0",
                    "write": false
                  }
                ],
                "minute_metrics": [
                  {
                    "enabled": false,
                    "include_apis": false,
                    "retention_policy_days": 0,
                    "version": "1.0"
                  }
                ]
              }
            ],
            "resource_group_name": "rg-dev",
            "routing": [],
            "sas_policy": [],
            "secondary_access_key": "Y6OtfptwwY8veom5Lt4imijx1BEK3YSNgummdgWcufuHCceA2O+WSVFZqRubl4E2vAID9Vx/jrsM+AStTGsPFw==",
            "secondary_blob_connection_string": "",
            "secondary_blob_endpoint": null,
            "secondary_blob_host": null,
            "secondary_connection_string": "DefaultEndpointsProtocol=https;AccountName=wpdatasjoff;AccountKey=Y6OtfptwwY8veom5Lt4imijx1BEK3YSNgummdgWcufuHCceA2O+WSVFZqRubl4E2vAID9Vx/jrsM+AStTGsPFw==;EndpointSuffix=core.windows.net",
            "secondary_dfs_endpoint": null,
            "secondary_dfs_host": null,
            "secondary_file_endpoint": null,
            "secondary_file_host": null,
            "secondary_location": "",
            "secondary_queue_endpoint": null,
            "secondary_queue_host": null,
            "secondary_table_endpoint": null,
            "secondary_table_host": null,
            "secondary_web_endpoint": null,
            "secondary_web_host": null,
            "sftp_enabled": false,
            "share_properties": [
              {
                "cors_rule": [],
                "retention_policy": [
                  {
                    "days": 7
                  }
                ],
                "smb": []
              }
            ],
            "shared_access_key_enabled": true,
            "static_website": [],
            "table_encryption_key_type": "Service",
            "tags": {
              "Environment": "default"
            },
            "timeouts": null
          },
          "sensitive_attributes": [],
          "private": "eyJlMmJmYjczMC1lY2FhLTExZTYtOGY4OC0zNDM2M2JjN2M0YzAiOnsiY3JlYXRlIjozNjAwMDAwMDAwMDAwLCJkZWxldGUiOjM2MDAwMDAwMDAwMDAsInJlYWQiOjMwMDAwMDAwMDAwMCwidXBkYXRlIjozNjAwMDAwMDAwMDAwfSwic2NoZW1hX3ZlcnNpb24iOiI0In0=",
          "dependencies": [
            "azurerm_subnet.private_subnets",
            "module.network.azurerm_resource_group.rg",
            "module.network.azurerm_virtual_network.vnet"
          ]
        }
      ]
    },
    {
      "mode": "managed",
      "type": "azurerm_storage_container",
      "name": "container",
      "provider": "provider[\"registry.terraform.io/hashicorp/azurerm\"]",
      "instances": [
        {
          "schema_version": 1,
          "attributes": {
            "container_access_type": "private",
            "has_immutability_policy": false,
            "has_legal_hold": false,
            "id": "https://wpdatasjoff.blob.core.windows.net/wp-data",
            "metadata": {},
            "name": "wp-data",
            "resource_manager_id": "/subscriptions/da11a196-034a-4fdc-a913-0bdf6d0886e4/resourceGroups/rg-dev/providers/Microsoft.Storage/storageAccounts/wpdatasjoff/blobServices/default/containers/wp-data",
            "storage_account_name": "wpdatasjoff",
            "timeouts": null
          },
          "sensitive_attributes": [],
          "private": "eyJlMmJmYjczMC1lY2FhLTExZTYtOGY4OC0zNDM2M2JjN2M0YzAiOnsiY3JlYXRlIjoxODAwMDAwMDAwMDAwLCJkZWxldGUiOjE4MDAwMDAwMDAwMDAsInJlYWQiOjMwMDAwMDAwMDAwMCwidXBkYXRlIjoxODAwMDAwMDAwMDAwfSwic2NoZW1hX3ZlcnNpb24iOiIxIn0=",
          "dependencies": [
            "azurerm_storage_account.wordpress_data",
            "azurerm_subnet.private_subnets",
            "module.network.azurerm_resource_group.rg",
            "module.network.azurerm_virtual_network.vnet"
          ]
        }
      ]
    },
    {
      "mode": "managed",
      "type": "azurerm_subnet",
      "name": "private_subnets",
      "provider": "provider[\"registry.terraform.io/hashicorp/azurerm\"]",
      "instances": [
        {
          "index_key": 0,
          "schema_version": 0,
          "attributes": {
            "address_prefixes": [
              "10.32.10.0/24"
            ],
            "delegation": [],
            "enforce_private_link_endpoint_network_policies": false,
            "enforce_private_link_service_network_policies": false,
            "id": "/subscriptions/da11a196-034a-4fdc-a913-0bdf6d0886e4/resourceGroups/rg-dev/providers/Microsoft.Network/virtualNetworks/vnet-dev/subnets/priv-subnet-0",
            "name": "priv-subnet-0",
            "private_endpoint_network_policies_enabled": true,
            "private_link_service_network_policies_enabled": true,
            "resource_group_name": "rg-dev",
            "service_endpoint_policy_ids": [],
            "service_endpoints": [
              "Microsoft.Storage"
            ],
            "timeouts": null,
            "virtual_network_name": "vnet-dev"
          },
          "sensitive_attributes": [],
          "private": "eyJlMmJmYjczMC1lY2FhLTExZTYtOGY4OC0zNDM2M2JjN2M0YzAiOnsiY3JlYXRlIjoxODAwMDAwMDAwMDAwLCJkZWxldGUiOjE4MDAwMDAwMDAwMDAsInJlYWQiOjMwMDAwMDAwMDAwMCwidXBkYXRlIjoxODAwMDAwMDAwMDAwfX0=",
          "dependencies": [
            "module.network.azurerm_resource_group.rg",
            "module.network.azurerm_virtual_network.vnet"
          ]
        }
      ]
    },
    {
      "mode": "managed",
      "type": "azurerm_subnet",
      "name": "public_subnets",
      "provider": "provider[\"registry.terraform.io/hashicorp/azurerm\"]",
      "instances": [
        {
          "index_key": 0,
          "schema_version": 0,
          "attributes": {
            "address_prefixes": [
              "10.32.1.0/24"
            ],
            "delegation": [],
            "enforce_private_link_endpoint_network_policies": false,
            "enforce_private_link_service_network_policies": false,
            "id": "/subscriptions/da11a196-034a-4fdc-a913-0bdf6d0886e4/resourceGroups/rg-dev/providers/Microsoft.Network/virtualNetworks/vnet-dev/subnets/pub-subnet-0",
            "name": "pub-subnet-0",
            "private_endpoint_network_policies_enabled": true,
            "private_link_service_network_policies_enabled": true,
            "resource_group_name": "rg-dev",
            "service_endpoint_policy_ids": [],
            "service_endpoints": [],
            "timeouts": null,
            "virtual_network_name": "vnet-dev"
          },
          "sensitive_attributes": [],
          "private": "eyJlMmJmYjczMC1lY2FhLTExZTYtOGY4OC0zNDM2M2JjN2M0YzAiOnsiY3JlYXRlIjoxODAwMDAwMDAwMDAwLCJkZWxldGUiOjE4MDAwMDAwMDAwMDAsInJlYWQiOjMwMDAwMDAwMDAwMCwidXBkYXRlIjoxODAwMDAwMDAwMDAwfX0=",
          "dependencies": [
            "module.network.azurerm_resource_group.rg",
            "module.network.azurerm_virtual_network.vnet"
          ]
        }
      ]
    },
    {
      "mode": "managed",
      "type": "azurerm_subnet_nat_gateway_association",
      "name": "natgw_subnet_assoc",
      "provider": "provider[\"registry.terraform.io/hashicorp/azurerm\"]",
      "instances": [
        {
          "index_key": 0,
          "schema_version": 0,
          "attributes": {
            "id": "/subscriptions/da11a196-034a-4fdc-a913-0bdf6d0886e4/resourceGroups/rg-dev/providers/Microsoft.Network/virtualNetworks/vnet-dev/subnets/priv-subnet-0",
            "nat_gateway_id": "/subscriptions/da11a196-034a-4fdc-a913-0bdf6d0886e4/resourceGroups/rg-dev/providers/Microsoft.Network/natGateways/nat-gw-0",
            "subnet_id": "/subscriptions/da11a196-034a-4fdc-a913-0bdf6d0886e4/resourceGroups/rg-dev/providers/Microsoft.Network/virtualNetworks/vnet-dev/subnets/priv-subnet-0",
            "timeouts": null
          },
          "sensitive_attributes": [],
          "private": "eyJlMmJmYjczMC1lY2FhLTExZTYtOGY4OC0zNDM2M2JjN2M0YzAiOnsiY3JlYXRlIjoxODAwMDAwMDAwMDAwLCJkZWxldGUiOjE4MDAwMDAwMDAwMDAsInJlYWQiOjMwMDAwMDAwMDAwMCwidXBkYXRlIjoxODAwMDAwMDAwMDAwfX0=",
          "dependencies": [
            "azurerm_subnet.private_subnets",
            "module.network.azurerm_nat_gateway.nat_gw",
            "module.network.azurerm_resource_group.rg",
            "module.network.azurerm_virtual_network.vnet"
          ]
        }
      ]
    },
    {
      "module": "module.network",
      "mode": "managed",
      "type": "azurerm_nat_gateway",
      "name": "nat_gw",
      "provider": "provider[\"registry.terraform.io/hashicorp/azurerm\"]",
      "instances": [
        {
          "index_key": 0,
          "schema_version": 0,
          "attributes": {
            "id": "/subscriptions/da11a196-034a-4fdc-a913-0bdf6d0886e4/resourceGroups/rg-dev/providers/Microsoft.Network/natGateways/nat-gw-0",
            "idle_timeout_in_minutes": 10,
            "location": "francecentral",
            "name": "nat-gw-0",
            "resource_group_name": "rg-dev",
            "resource_guid": "f4aceb6a-27ef-4a20-896b-7ca2fda1d7d5",
            "sku_name": "Standard",
            "tags": {
              "Environment": "default"
            },
            "timeouts": null,
            "zones": [
              "1"
            ]
          },
          "sensitive_attributes": [],
          "private": "eyJlMmJmYjczMC1lY2FhLTExZTYtOGY4OC0zNDM2M2JjN2M0YzAiOnsiY3JlYXRlIjozNjAwMDAwMDAwMDAwLCJkZWxldGUiOjM2MDAwMDAwMDAwMDAsInJlYWQiOjMwMDAwMDAwMDAwMCwidXBkYXRlIjozNjAwMDAwMDAwMDAwfX0="
        }
      ]
    },
    {
      "module": "module.network",
      "mode": "managed",
      "type": "azurerm_resource_group",
      "name": "rg",
      "provider": "provider[\"registry.terraform.io/hashicorp/azurerm\"]",
      "instances": [
        {
          "schema_version": 0,
          "attributes": {
            "id": "/subscriptions/da11a196-034a-4fdc-a913-0bdf6d0886e4/resourceGroups/rg-dev",
            "location": "francecentral",
            "managed_by": "",
            "name": "rg-dev",
            "tags": {},
            "timeouts": null
          },
          "sensitive_attributes": [],
          "private": "eyJlMmJmYjczMC1lY2FhLTExZTYtOGY4OC0zNDM2M2JjN2M0YzAiOnsiY3JlYXRlIjo1NDAwMDAwMDAwMDAwLCJkZWxldGUiOjU0MDAwMDAwMDAwMDAsInJlYWQiOjMwMDAwMDAwMDAwMCwidXBkYXRlIjo1NDAwMDAwMDAwMDAwfX0="
        }
      ]
    },
    {
      "module": "module.network",
      "mode": "managed",
      "type": "azurerm_virtual_network",
      "name": "vnet",
      "provider": "provider[\"registry.terraform.io/hashicorp/azurerm\"]",
      "instances": [
        {
          "schema_version": 0,
          "attributes": {
            "address_space": [
              "10.32.0.0/16"
            ],
            "bgp_community": "",
            "ddos_protection_plan": [],
            "dns_servers": [],
            "edge_zone": "",
            "encryption": [],
            "flow_timeout_in_minutes": 0,
            "guid": "325dcd9d-902a-45d9-b732-cbefec409b0d",
            "id": "/subscriptions/da11a196-034a-4fdc-a913-0bdf6d0886e4/resourceGroups/rg-dev/providers/Microsoft.Network/virtualNetworks/vnet-dev",
            "location": "francecentral",
            "name": "vnet-dev",
            "resource_group_name": "rg-dev",
            "subnet": [
              {
                "address_prefix": "10.32.1.0/24",
                "id": "/subscriptions/da11a196-034a-4fdc-a913-0bdf6d0886e4/resourceGroups/rg-dev/providers/Microsoft.Network/virtualNetworks/vnet-dev/subnets/pub-subnet-0",
                "name": "pub-subnet-0",
                "security_group": ""
              },
              {
                "address_prefix": "10.32.10.0/24",
                "id": "/subscriptions/da11a196-034a-4fdc-a913-0bdf6d0886e4/resourceGroups/rg-dev/providers/Microsoft.Network/virtualNetworks/vnet-dev/subnets/priv-subnet-0",
                "name": "priv-subnet-0",
                "security_group": ""
              }
            ],
            "tags": {
              "Environment": "default"
            },
            "timeouts": null
          },
          "sensitive_attributes": [],
          "private": "eyJlMmJmYjczMC1lY2FhLTExZTYtOGY4OC0zNDM2M2JjN2M0YzAiOnsiY3JlYXRlIjoxODAwMDAwMDAwMDAwLCJkZWxldGUiOjE4MDAwMDAwMDAwMDAsInJlYWQiOjMwMDAwMDAwMDAwMCwidXBkYXRlIjoxODAwMDAwMDAwMDAwfX0=",
          "dependencies": [
            "module.network.azurerm_resource_group.rg"
          ]
        }
      ]
    }
  ],
  "check_results": null
}
